
Microsoft Visual Studio Solution File, Format Version 12.00
# Visual Studio Version 17
VisualStudioVersion = 17.4.33103.184
MinimumVisualStudioVersion = 10.0.40219.1
Project("{9A19103F-16F7-4668-BE54-9A1E7A4F7556}") = "thirtytwo", "src\thirtytwo\thirtytwo.csproj", "{6998E2EE-6FB6-4F08-A370-37C8586D0F29}"
EndProject
Project("{2150E333-8FDC-42A3-9474-1A3956D46DE8}") = "Solution Items", "Solution Items", "{785AAF79-BBC8-4381-8369-F5CF89F30EB5}"
	ProjectSection(SolutionItems) = preProject
		.editorconfig = .editorconfig
		.gitignore = .gitignore
		Directory.Build.props = Directory.Build.props
		LICENSE = LICENSE
		nuget.config = nuget.config
		stylecop.json = stylecop.json
	EndProjectSection
EndProject
Project("{9A19103F-16F7-4668-BE54-9A1E7A4F7556}") = "thirtytwo_tests", "src\thirtytwo_tests\thirtytwo_tests.csproj", "{AADF7909-160F-4E7F-9B21-CE6B525CF8FC}"
EndProject
Project("{2150E333-8FDC-42A3-9474-1A3956D46DE8}") = "Samples", "Samples", "{C059056C-D771-4CF5-A93F-AA7140FF7827}"
EndProject
Project("{9A19103F-16F7-4668-BE54-9A1E7A4F7556}") = "Windows101", "src\samples\Windows101\Windows101.csproj", "{D2F78405-AE04-4260-8486-9C336FD960AC}"
EndProject
Project("{9A19103F-16F7-4668-BE54-9A1E7A4F7556}") = "Layout", "src\samples\Layout\Layout.csproj", "{21D5FC2F-7BDC-4D5E-8EE2-1F9FC253B54D}"
EndProject
Project("{9A19103F-16F7-4668-BE54-9A1E7A4F7556}") = "ActiveX", "src\samples\ActiveX\ActiveX.csproj", "{919DE42D-A835-4105-8C92-4A3EECC861CD}"
EndProject
Project("{9A19103F-16F7-4668-BE54-9A1E7A4F7556}") = "KeyWatch", "src\samples\KeyWatch\KeyWatch.csproj", "{01DE5FF9-428C-49BA-8853-6DFCB62085B9}"
EndProject
Project("{9A19103F-16F7-4668-BE54-9A1E7A4F7556}") = "Transparency", "src\samples\Transparency\Transparency.csproj", "{4E2E6DCA-8E84-497B-937D-8F776B98E453}"
EndProject
Project("{9A19103F-16F7-4668-BE54-9A1E7A4F7556}") = "ClipboardViewer", "src\samples\ClipboardViewer\ClipboardViewer.csproj", "{3D0531EE-7ED0-42EC-8A4C-3D69F3CBF0F4}"
EndProject
Global
	GlobalSection(SolutionConfigurationPlatforms) = preSolution
		Debug|x64 = Debug|x64
		Release|x64 = Release|x64
	EndGlobalSection
	GlobalSection(ProjectConfigurationPlatforms) = postSolution
		{6998E2EE-6FB6-4F08-A370-37C8586D0F29}.Debug|x64.ActiveCfg = Debug|x64
		{6998E2EE-6FB6-4F08-A370-37C8586D0F29}.Debug|x64.Build.0 = Debug|x64
		{6998E2EE-6FB6-4F08-A370-37C8586D0F29}.Release|x64.ActiveCfg = Release|x64
		{6998E2EE-6FB6-4F08-A370-37C8586D0F29}.Release|x64.Build.0 = Release|x64
		{AADF7909-160F-4E7F-9B21-CE6B525CF8FC}.Debug|x64.ActiveCfg = Debug|x64
		{AADF7909-160F-4E7F-9B21-CE6B525CF8FC}.Debug|x64.Build.0 = Debug|x64
		{AADF7909-160F-4E7F-9B21-CE6B525CF8FC}.Release|x64.ActiveCfg = Release|x64
		{AADF7909-160F-4E7F-9B21-CE6B525CF8FC}.Release|x64.Build.0 = Release|x64
		{D2F78405-AE04-4260-8486-9C336FD960AC}.Debug|x64.ActiveCfg = Debug|x64
		{D2F78405-AE04-4260-8486-9C336FD960AC}.Debug|x64.Build.0 = Debug|x64
		{D2F78405-AE04-4260-8486-9C336FD960AC}.Release|x64.ActiveCfg = Release|x64
		{D2F78405-AE04-4260-8486-9C336FD960AC}.Release|x64.Build.0 = Release|x64
		{21D5FC2F-7BDC-4D5E-8EE2-1F9FC253B54D}.Debug|x64.ActiveCfg = Debug|x64
		{21D5FC2F-7BDC-4D5E-8EE2-1F9FC253B54D}.Debug|x64.Build.0 = Debug|x64
		{21D5FC2F-7BDC-4D5E-8EE2-1F9FC253B54D}.Release|x64.ActiveCfg = Release|x64
		{21D5FC2F-7BDC-4D5E-8EE2-1F9FC253B54D}.Release|x64.Build.0 = Release|x64
		{919DE42D-A835-4105-8C92-4A3EECC861CD}.Debug|x64.ActiveCfg = Debug|x64
		{919DE42D-A835-4105-8C92-4A3EECC861CD}.Debug|x64.Build.0 = Debug|x64
		{919DE42D-A835-4105-8C92-4A3EECC861CD}.Release|x64.ActiveCfg = Release|x64
		{919DE42D-A835-4105-8C92-4A3EECC861CD}.Release|x64.Build.0 = Release|x64
		{01DE5FF9-428C-49BA-8853-6DFCB62085B9}.Debug|x64.ActiveCfg = Debug|x64
		{01DE5FF9-428C-49BA-8853-6DFCB62085B9}.Debug|x64.Build.0 = Debug|x64
		{01DE5FF9-428C-49BA-8853-6DFCB62085B9}.Release|x64.ActiveCfg = Release|x64
		{01DE5FF9-428C-49BA-8853-6DFCB62085B9}.Release|x64.Build.0 = Release|x64
		{4E2E6DCA-8E84-497B-937D-8F776B98E453}.Debug|x64.ActiveCfg = Debug|x64
		{4E2E6DCA-8E84-497B-937D-8F776B98E453}.Debug|x64.Build.0 = Debug|x64
		{4E2E6DCA-8E84-497B-937D-8F776B98E453}.Release|x64.ActiveCfg = Release|x64
		{4E2E6DCA-8E84-497B-937D-8F776B98E453}.Release|x64.Build.0 = Release|x64
		{3D0531EE-7ED0-42EC-8A4C-3D69F3CBF0F4}.Debug|x64.ActiveCfg = Debug|x64
		{3D0531EE-7ED0-42EC-8A4C-3D69F3CBF0F4}.Debug|x64.Build.0 = Debug|x64
		{3D0531EE-7ED0-42EC-8A4C-3D69F3CBF0F4}.Release|x64.ActiveCfg = Release|x64
		{3D0531EE-7ED0-42EC-8A4C-3D69F3CBF0F4}.Release|x64.Build.0 = Release|x64
	EndGlobalSection
	GlobalSection(SolutionProperties) = preSolution
		HideSolutionNode = FALSE
	EndGlobalSection
	GlobalSection(NestedProjects) = preSolution
		{D2F78405-AE04-4260-8486-9C336FD960AC} = {C059056C-D771-4CF5-A93F-AA7140FF7827}
		{21D5FC2F-7BDC-4D5E-8EE2-1F9FC253B54D} = {C059056C-D771-4CF5-A93F-AA7140FF7827}
		{919DE42D-A835-4105-8C92-4A3EECC861CD} = {C059056C-D771-4CF5-A93F-AA7140FF7827}
		{01DE5FF9-428C-49BA-8853-6DFCB62085B9} = {C059056C-D771-4CF5-A93F-AA7140FF7827}
		{4E2E6DCA-8E84-497B-937D-8F776B98E453} = {C059056C-D771-4CF5-A93F-AA7140FF7827}
		{3D0531EE-7ED0-42EC-8A4C-3D69F3CBF0F4} = {C059056C-D771-4CF5-A93F-AA7140FF7827}
	EndGlobalSection
	GlobalSection(ExtensibilityGlobals) = postSolution
		SolutionGuid = {3761BFC9-DBEF-4186-BB8B-BC0D84ED9AE5}
	EndGlobalSection
EndGlobal
